
Microsoft Visual Studio Solution File, Format Version 12.00
# Visual Studio Version 16
VisualStudioVersion = 16.0.29123.88
MinimumVisualStudioVersion = 10.0.40219.1
Project("{FAE04EC0-301F-11D3-BF4B-00C04F79EFBC}") = "Extreme", "Extreme\Extreme.csproj", "{4030F0EB-B7AE-4B45-9E4D-31B24A29FF5D}"
EndProject
Global
	GlobalSection(SolutionConfigurationPlatforms) = preSolution
		Debug|Any CPU = Debug|Any CPU
		Release|Any CPU = Release|Any CPU
	EndGlobalSection
	GlobalSection(ProjectConfigurationPlatforms) = postSolution
		{4030F0EB-B7AE-4B45-9E4D-31B24A29FF5D}.Debug|Any CPU.ActiveCfg = Debug|Any CPU
		{4030F0EB-B7AE-4B45-9E4D-31B24A29FF5D}.Debug|Any CPU.Build.0 = Debug|Any CPU
		{4030F0EB-B7AE-4B45-9E4D-31B24A29FF5D}.Release|Any CPU.ActiveCfg = Release|Any CPU
		{4030F0EB-B7AE-4B45-9E4D-31B24A29FF5D}.Release|Any CPU.Build.0 = Release|Any CPU
	EndGlobalSection
	GlobalSection(SolutionProperties) = preSolution
		HideSolutionNode = FALSE
	EndGlobalSection
	GlobalSection(ExtensibilityGlobals) = postSolution
		SolutionGuid = {CCD98ECA-ED2C-433B-BF09-4F859C8B16EF}
	EndGlobalSection
EndGlobal
